
Microsoft Visual Studio Solution File, Format Version 12.00
# Visual Studio Version 16
VisualStudioVersion = 16.0.30907.101
MinimumVisualStudioVersion = 10.0.40219.1
Project("{9A19103F-16F7-4668-BE54-9A1E7A4F7556}") = "KampIntro", "KampIntro\KampIntro.csproj", "{5760E3D6-CD51-441A-895B-65A8D7166CF2}"
EndProject
Project("{9A19103F-16F7-4668-BE54-9A1E7A4F7556}") = "Donguler", "Donguler\Donguler.csproj", "{8A1BD564-A3CF-4967-B8E4-6C860029B99E}"
EndProject
Project("{9A19103F-16F7-4668-BE54-9A1E7A4F7556}") = "ClassIntro", "ClassIntro\ClassIntro.csproj", "{AE2F1742-7A54-4D76-8F75-D09F64ED8A91}"
EndProject
Project("{9A19103F-16F7-4668-BE54-9A1E7A4F7556}") = "Metotlar", "Metotlar\Metotlar.csproj", "{A1B1737B-72CF-40F4-9965-39F2FB6729C4}"
EndProject
Project("{9A19103F-16F7-4668-BE54-9A1E7A4F7556}") = "Matematik", "Matematik\Matematik.csproj", "{442A2C20-D79A-4148-A1F6-65461ED56E02}"
EndProject
Project("{9A19103F-16F7-4668-BE54-9A1E7A4F7556}") = "DegerVeReferansTipler", "DegerVeReferansTipler\DegerVeReferansTipler.csproj", "{2D81199B-ACB8-4F2F-98D8-280C7D2374B7}"
EndProject
Project("{9A19103F-16F7-4668-BE54-9A1E7A4F7556}") = "OOP1", "OOP1\OOP1.csproj", "{5F0A3EA1-B84F-4305-8FEB-7E09B1A4E539}"
EndProject
Project("{9A19103F-16F7-4668-BE54-9A1E7A4F7556}") = "Koleksiyonlar", "Koleksiyonlar\Koleksiyonlar.csproj", "{BEED9CD8-34D2-40E8-867A-12B179CD15DF}"
EndProject
Project("{9A19103F-16F7-4668-BE54-9A1E7A4F7556}") = "GenericsIntro", "GenericsIntro\GenericsIntro.csproj", "{9FBE16A2-2706-4647-AF95-079071836B1F}"
EndProject
Project("{9A19103F-16F7-4668-BE54-9A1E7A4F7556}") = "OOP2", "OOP2\OOP2.csproj", "{70940048-9E18-4527-A947-33489AD138BE}"
EndProject
Project("{9A19103F-16F7-4668-BE54-9A1E7A4F7556}") = "OOP3", "OOP3\OOP3.csproj", "{B30D914F-8963-47E0-B220-E1630530F03F}"
EndProject
Project("{FAE04EC0-301F-11D3-BF4B-00C04F79EFBC}") = "GameProject", "GameProject\GameProject.csproj", "{D4DB64CD-86E1-45EF-A466-1E84A1332739}"
EndProject
Global
	GlobalSection(SolutionConfigurationPlatforms) = preSolution
		Debug|Any CPU = Debug|Any CPU
		Release|Any CPU = Release|Any CPU
	EndGlobalSection
	GlobalSection(ProjectConfigurationPlatforms) = postSolution
		{5760E3D6-CD51-441A-895B-65A8D7166CF2}.Debug|Any CPU.ActiveCfg = Debug|Any CPU
		{5760E3D6-CD51-441A-895B-65A8D7166CF2}.Debug|Any CPU.Build.0 = Debug|Any CPU
		{5760E3D6-CD51-441A-895B-65A8D7166CF2}.Release|Any CPU.ActiveCfg = Release|Any CPU
		{5760E3D6-CD51-441A-895B-65A8D7166CF2}.Release|Any CPU.Build.0 = Release|Any CPU
		{8A1BD564-A3CF-4967-B8E4-6C860029B99E}.Debug|Any CPU.ActiveCfg = Debug|Any CPU
		{8A1BD564-A3CF-4967-B8E4-6C860029B99E}.Debug|Any CPU.Build.0 = Debug|Any CPU
		{8A1BD564-A3CF-4967-B8E4-6C860029B99E}.Release|Any CPU.ActiveCfg = Release|Any CPU
		{8A1BD564-A3CF-4967-B8E4-6C860029B99E}.Release|Any CPU.Build.0 = Release|Any CPU
		{AE2F1742-7A54-4D76-8F75-D09F64ED8A91}.Debug|Any CPU.ActiveCfg = Debug|Any CPU
		{AE2F1742-7A54-4D76-8F75-D09F64ED8A91}.Debug|Any CPU.Build.0 = Debug|Any CPU
		{AE2F1742-7A54-4D76-8F75-D09F64ED8A91}.Release|Any CPU.ActiveCfg = Release|Any CPU
		{AE2F1742-7A54-4D76-8F75-D09F64ED8A91}.Release|Any CPU.Build.0 = Release|Any CPU
		{A1B1737B-72CF-40F4-9965-39F2FB6729C4}.Debug|Any CPU.ActiveCfg = Debug|Any CPU
		{A1B1737B-72CF-40F4-9965-39F2FB6729C4}.Debug|Any CPU.Build.0 = Debug|Any CPU
		{A1B1737B-72CF-40F4-9965-39F2FB6729C4}.Release|Any CPU.ActiveCfg = Release|Any CPU
		{A1B1737B-72CF-40F4-9965-39F2FB6729C4}.Release|Any CPU.Build.0 = Release|Any CPU
		{442A2C20-D79A-4148-A1F6-65461ED56E02}.Debug|Any CPU.ActiveCfg = Debug|Any CPU
		{442A2C20-D79A-4148-A1F6-65461ED56E02}.Debug|Any CPU.Build.0 = Debug|Any CPU
		{442A2C20-D79A-4148-A1F6-65461ED56E02}.Release|Any CPU.ActiveCfg = Release|Any CPU
		{442A2C20-D79A-4148-A1F6-65461ED56E02}.Release|Any CPU.Build.0 = Release|Any CPU
		{2D81199B-ACB8-4F2F-98D8-280C7D2374B7}.Debug|Any CPU.ActiveCfg = Debug|Any CPU
		{2D81199B-ACB8-4F2F-98D8-280C7D2374B7}.Debug|Any CPU.Build.0 = Debug|Any CPU
		{2D81199B-ACB8-4F2F-98D8-280C7D2374B7}.Release|Any CPU.ActiveCfg = Release|Any CPU
		{2D81199B-ACB8-4F2F-98D8-280C7D2374B7}.Release|Any CPU.Build.0 = Release|Any CPU
		{5F0A3EA1-B84F-4305-8FEB-7E09B1A4E539}.Debug|Any CPU.ActiveCfg = Debug|Any CPU
		{5F0A3EA1-B84F-4305-8FEB-7E09B1A4E539}.Debug|Any CPU.Build.0 = Debug|Any CPU
		{5F0A3EA1-B84F-4305-8FEB-7E09B1A4E539}.Release|Any CPU.ActiveCfg = Release|Any CPU
		{5F0A3EA1-B84F-4305-8FEB-7E09B1A4E539}.Release|Any CPU.Build.0 = Release|Any CPU
		{BEED9CD8-34D2-40E8-867A-12B179CD15DF}.Debug|Any CPU.ActiveCfg = Debug|Any CPU
		{BEED9CD8-34D2-40E8-867A-12B179CD15DF}.Debug|Any CPU.Build.0 = Debug|Any CPU
		{BEED9CD8-34D2-40E8-867A-12B179CD15DF}.Release|Any CPU.ActiveCfg = Release|Any CPU
		{BEED9CD8-34D2-40E8-867A-12B179CD15DF}.Release|Any CPU.Build.0 = Release|Any CPU
		{9FBE16A2-2706-4647-AF95-079071836B1F}.Debug|Any CPU.ActiveCfg = Debug|Any CPU
		{9FBE16A2-2706-4647-AF95-079071836B1F}.Debug|Any CPU.Build.0 = Debug|Any CPU
		{9FBE16A2-2706-4647-AF95-079071836B1F}.Release|Any CPU.ActiveCfg = Release|Any CPU
		{9FBE16A2-2706-4647-AF95-079071836B1F}.Release|Any CPU.Build.0 = Release|Any CPU
		{70940048-9E18-4527-A947-33489AD138BE}.Debug|Any CPU.ActiveCfg = Debug|Any CPU
		{70940048-9E18-4527-A947-33489AD138BE}.Debug|Any CPU.Build.0 = Debug|Any CPU
		{70940048-9E18-4527-A947-33489AD138BE}.Release|Any CPU.ActiveCfg = Release|Any CPU
		{70940048-9E18-4527-A947-33489AD138BE}.Release|Any CPU.Build.0 = Release|Any CPU
		{B30D914F-8963-47E0-B220-E1630530F03F}.Debug|Any CPU.ActiveCfg = Debug|Any CPU
		{B30D914F-8963-47E0-B220-E1630530F03F}.Debug|Any CPU.Build.0 = Debug|Any CPU
		{B30D914F-8963-47E0-B220-E1630530F03F}.Release|Any CPU.ActiveCfg = Release|Any CPU
		{B30D914F-8963-47E0-B220-E1630530F03F}.Release|Any CPU.Build.0 = Release|Any CPU
		{D4DB64CD-86E1-45EF-A466-1E84A1332739}.Debug|Any CPU.ActiveCfg = Debug|Any CPU
		{D4DB64CD-86E1-45EF-A466-1E84A1332739}.Debug|Any CPU.Build.0 = Debug|Any CPU
		{D4DB64CD-86E1-45EF-A466-1E84A1332739}.Release|Any CPU.ActiveCfg = Release|Any CPU
		{D4DB64CD-86E1-45EF-A466-1E84A1332739}.Release|Any CPU.Build.0 = Release|Any CPU
	EndGlobalSection
	GlobalSection(SolutionProperties) = preSolution
		HideSolutionNode = FALSE
	EndGlobalSection
	GlobalSection(ExtensibilityGlobals) = postSolution
		SolutionGuid = {46EB9703-1DA0-4E31-B7BF-13BABD9314CB}
	EndGlobalSection
EndGlobal
